
Microsoft Visual Studio Solution File, Format Version 12.00
# Visual Studio Version 17
VisualStudioVersion = 17.6.33829.357
MinimumVisualStudioVersion = 10.0.40219.1
Project("{FAE04EC0-301F-11D3-BF4B-00C04F79EFBC}") = "PROLAB2.1", "PROLAB2.1\PROLAB2.1.csproj", "{B9A47E01-4EE0-4295-ACD9-D49F0B2829B9}"
EndProject
Global
	GlobalSection(SolutionConfigurationPlatforms) = preSolution
		Debug|Any CPU = Debug|Any CPU
		Release|Any CPU = Release|Any CPU
	EndGlobalSection
	GlobalSection(ProjectConfigurationPlatforms) = postSolution
		{B9A47E01-4EE0-4295-ACD9-D49F0B2829B9}.Debug|Any CPU.ActiveCfg = Debug|Any CPU
		{B9A47E01-4EE0-4295-ACD9-D49F0B2829B9}.Debug|Any CPU.Build.0 = Debug|Any CPU
		{B9A47E01-4EE0-4295-ACD9-D49F0B2829B9}.Release|Any CPU.ActiveCfg = Release|Any CPU
		{B9A47E01-4EE0-4295-ACD9-D49F0B2829B9}.Release|Any CPU.Build.0 = Release|Any CPU
	EndGlobalSection
	GlobalSection(SolutionProperties) = preSolution
		HideSolutionNode = FALSE
	EndGlobalSection
	GlobalSection(ExtensibilityGlobals) = postSolution
		SolutionGuid = {79902121-C0F1-4ECF-9950-4452E70D491E}
	EndGlobalSection
EndGlobal
